// !$*UTF8*$!
{
	archiveVersion = 1;
	classes = {
	};
	objectVersion = 51;
	objects = {

/* Begin PBXBuildFile section */
		0909C41EC4BC5BAA9D3039D1 /* Pods_Caculator.framework in Frameworks */ = {isa = PBXBuildFile; fileRef = A0CD49B2A5DB573CCF077763 /* Pods_Caculator.framework */; };
		125BE940268D946F006FFC48 /* AppDelegate.swift in Sources */ = {isa = PBXBuildFile; fileRef = 125BE93F268D946F006FFC48 /* AppDelegate.swift */; };
		125BE942268D946F006FFC48 /* SceneDelegate.swift in Sources */ = {isa = PBXBuildFile; fileRef = 125BE941268D946F006FFC48 /* SceneDelegate.swift */; };
		125BE944268D946F006FFC48 /* CalculatorViewController.swift in Sources */ = {isa = PBXBuildFile; fileRef = 125BE943268D946F006FFC48 /* CalculatorViewController.swift */; };
		125BE947268D946F006FFC48 /* Main.storyboard in Resources */ = {isa = PBXBuildFile; fileRef = 125BE945268D946F006FFC48 /* Main.storyboard */; };
		125BE949268D9470006FFC48 /* Assets.xcassets in Resources */ = {isa = PBXBuildFile; fileRef = 125BE948268D9470006FFC48 /* Assets.xcassets */; };
		125BE94C268D9470006FFC48 /* LaunchScreen.storyboard in Resources */ = {isa = PBXBuildFile; fileRef = 125BE94A268D9470006FFC48 /* LaunchScreen.storyboard */; };
		129B3D49268EA7E00030167E /* CalculatorReactor.swift in Sources */ = {isa = PBXBuildFile; fileRef = 129B3D48268EA7E00030167E /* CalculatorReactor.swift */; };
/* End PBXBuildFile section */

/* Begin PBXFileReference section */
		125BE93C268D946F006FFC48 /* Caculator.app */ = {isa = PBXFileReference; explicitFileType = wrapper.application; includeInIndex = 0; path = Caculator.app; sourceTree = BUILT_PRODUCTS_DIR; };
		125BE93F268D946F006FFC48 /* AppDelegate.swift */ = {isa = PBXFileReference; lastKnownFileType = sourcecode.swift; path = AppDelegate.swift; sourceTree = "<group>"; };
		125BE941268D946F006FFC48 /* SceneDelegate.swift */ = {isa = PBXFileReference; lastKnownFileType = sourcecode.swift; path = SceneDelegate.swift; sourceTree = "<group>"; };
		125BE943268D946F006FFC48 /* CalculatorViewController.swift */ = {isa = PBXFileReference; lastKnownFileType = sourcecode.swift; path = CalculatorViewController.swift; sourceTree = "<group>"; };
		125BE946268D946F006FFC48 /* Base */ = {isa = PBXFileReference; lastKnownFileType = file.storyboard; name = Base; path = Base.lproj/Main.storyboard; sourceTree = "<group>"; };
		125BE948268D9470006FFC48 /* Assets.xcassets */ = {isa = PBXFileReference; lastKnownFileType = folder.assetcatalog; path = Assets.xcassets; sourceTree = "<group>"; };
		125BE94B268D9470006FFC48 /* Base */ = {isa = PBXFileReference; lastKnownFileType = file.storyboard; name = Base; path = Base.lproj/LaunchScreen.storyboard; sourceTree = "<group>"; };
		125BE94D268D9470006FFC48 /* Info.plist */ = {isa = PBXFileReference; lastKnownFileType = text.plist.xml; path = Info.plist; sourceTree = "<group>"; };
		129B3D48268EA7E00030167E /* CalculatorReactor.swift */ = {isa = PBXFileReference; lastKnownFileType = sourcecode.swift; path = CalculatorReactor.swift; sourceTree = "<group>"; };
		3E5BBEE8A40F9E1F9DEAE1CB /* Pods-Caculator.release.xcconfig */ = {isa = PBXFileReference; includeInIndex = 1; lastKnownFileType = text.xcconfig; name = "Pods-Caculator.release.xcconfig"; path = "Target Support Files/Pods-Caculator/Pods-Caculator.release.xcconfig"; sourceTree = "<group>"; };
		A0CD49B2A5DB573CCF077763 /* Pods_Caculator.framework */ = {isa = PBXFileReference; explicitFileType = wrapper.framework; includeInIndex = 0; path = Pods_Caculator.framework; sourceTree = BUILT_PRODUCTS_DIR; };
		B0F4B6DAA9198D327A032378 /* Pods-Caculator.debug.xcconfig */ = {isa = PBXFileReference; includeInIndex = 1; lastKnownFileType = text.xcconfig; name = "Pods-Caculator.debug.xcconfig"; path = "Target Support Files/Pods-Caculator/Pods-Caculator.debug.xcconfig"; sourceTree = "<group>"; };
/* End PBXFileReference section */

/* Begin PBXFrameworksBuildPhase section */
		125BE939268D946F006FFC48 /* Frameworks */ = {
			isa = PBXFrameworksBuildPhase;
			buildActionMask = 2147483647;
			files = (
				0909C41EC4BC5BAA9D3039D1 /* Pods_Caculator.framework in Frameworks */,
			);
			runOnlyForDeploymentPostprocessing = 0;
		};
/* End PBXFrameworksBuildPhase section */

/* Begin PBXGroup section */
		125BE933268D946F006FFC48 = {
			isa = PBXGroup;
			children = (
				125BE93E268D946F006FFC48 /* Calculator */,
				125BE93D268D946F006FFC48 /* Products */,
				78BE79CB744BE94E5FE4B096 /* Pods */,
				BDD27BA03EE6724B0FA457D6 /* Frameworks */,
			);
			sourceTree = "<group>";
		};
		125BE93D268D946F006FFC48 /* Products */ = {
			isa = PBXGroup;
			children = (
				125BE93C268D946F006FFC48 /* Caculator.app */,
			);
			name = Products;
			sourceTree = "<group>";
		};
		125BE93E268D946F006FFC48 /* Calculator */ = {
			isa = PBXGroup;
			children = (
				1262AE2B26915F5200D3074E /* Supporting Files */,
				125BE943268D946F006FFC48 /* CalculatorViewController.swift */,
				129B3D48268EA7E00030167E /* CalculatorReactor.swift */,
				125BE945268D946F006FFC48 /* Main.storyboard */,
				125BE94A268D9470006FFC48 /* LaunchScreen.storyboard */,
			);
			path = Calculator;
			sourceTree = "<group>";
		};
		1262AE2B26915F5200D3074E /* Supporting Files */ = {
			isa = PBXGroup;
			children = (
				125BE93F268D946F006FFC48 /* AppDelegate.swift */,
				125BE941268D946F006FFC48 /* SceneDelegate.swift */,
				125BE948268D9470006FFC48 /* Assets.xcassets */,
				125BE94D268D9470006FFC48 /* Info.plist */,
			);
			path = "Supporting Files";
			sourceTree = "<group>";
		};
		78BE79CB744BE94E5FE4B096 /* Pods */ = {
			isa = PBXGroup;
			children = (
				B0F4B6DAA9198D327A032378 /* Pods-Caculator.debug.xcconfig */,
				3E5BBEE8A40F9E1F9DEAE1CB /* Pods-Caculator.release.xcconfig */,
			);
			path = Pods;
			sourceTree = "<group>";
		};
		BDD27BA03EE6724B0FA457D6 /* Frameworks */ = {
			isa = PBXGroup;
			children = (
				A0CD49B2A5DB573CCF077763 /* Pods_Caculator.framework */,
			);
			name = Frameworks;
			sourceTree = "<group>";
		};
/* End PBXGroup section */

/* Begin PBXNativeTarget section */
		125BE93B268D946F006FFC48 /* Caculator */ = {
			isa = PBXNativeTarget;
			buildConfigurationList = 125BE950268D9470006FFC48 /* Build configuration list for PBXNativeTarget "Caculator" */;
			buildPhases = (
				F3B33FC0CCA30ACE41CB192E /* [CP] Check Pods Manifest.lock */,
				125BE938268D946F006FFC48 /* Sources */,
				125BE939268D946F006FFC48 /* Frameworks */,
				125BE93A268D946F006FFC48 /* Resources */,
				68923F08C0D999267101A5A1 /* [CP] Embed Pods Frameworks */,
			);
			buildRules = (
			);
			dependencies = (
			);
			name = Caculator;
			productName = Caculator;
			productReference = 125BE93C268D946F006FFC48 /* Caculator.app */;
			productType = "com.apple.product-type.application";
		};
/* End PBXNativeTarget section */

/* Begin PBXProject section */
		125BE934268D946F006FFC48 /* Project object */ = {
			isa = PBXProject;
			attributes = {
				LastSwiftUpdateCheck = 1250;
				LastUpgradeCheck = 1250;
				TargetAttributes = {
					125BE93B268D946F006FFC48 = {
						CreatedOnToolsVersion = 12.5.1;
					};
				};
			};
			buildConfigurationList = 125BE937268D946F006FFC48 /* Build configuration list for PBXProject "Caculator" */;
			compatibilityVersion = "Xcode 9.3";
			developmentRegion = en;
			hasScannedForEncodings = 0;
			knownRegions = (
				en,
				Base,
			);
			mainGroup = 125BE933268D946F006FFC48;
			productRefGroup = 125BE93D268D946F006FFC48 /* Products */;
			projectDirPath = "";
			projectRoot = "";
			targets = (
				125BE93B268D946F006FFC48 /* Caculator */,
			);
		};
/* End PBXProject section */

/* Begin PBXResourcesBuildPhase section */
		125BE93A268D946F006FFC48 /* Resources */ = {
			isa = PBXResourcesBuildPhase;
			buildActionMask = 2147483647;
			files = (
				125BE94C268D9470006FFC48 /* LaunchScreen.storyboard in Resources */,
				125BE949268D9470006FFC48 /* Assets.xcassets in Resources */,
				125BE947268D946F006FFC48 /* Main.storyboard in Resources */,
			);
			runOnlyForDeploymentPostprocessing = 0;
		};
/* End PBXResourcesBuildPhase section */

/* Begin PBXShellScriptBuildPhase section */
		68923F08C0D999267101A5A1 /* [CP] Embed Pods Frameworks */ = {
			isa = PBXShellScriptBuildPhase;
			buildActionMask = 2147483647;
			files = (
			);
			inputFileListPaths = (
				"${PODS_ROOT}/Target Support Files/Pods-Caculator/Pods-Caculator-frameworks-${CONFIGURATION}-input-files.xcfilelist",
			);
			name = "[CP] Embed Pods Frameworks";
			outputFileListPaths = (
				"${PODS_ROOT}/Target Support Files/Pods-Caculator/Pods-Caculator-frameworks-${CONFIGURATION}-output-files.xcfilelist",
			);
			runOnlyForDeploymentPostprocessing = 0;
			shellPath = /bin/sh;
			shellScript = "\"${PODS_ROOT}/Target Support Files/Pods-Caculator/Pods-Caculator-frameworks.sh\"\n";
			showEnvVarsInLog = 0;
		};
		F3B33FC0CCA30ACE41CB192E /* [CP] Check Pods Manifest.lock */ = {
			isa = PBXShellScriptBuildPhase;
			buildActionMask = 2147483647;
			files = (
			);
			inputFileListPaths = (
			);
			inputPaths = (
				"${PODS_PODFILE_DIR_PATH}/Podfile.lock",
				"${PODS_ROOT}/Manifest.lock",
			);
			name = "[CP] Check Pods Manifest.lock";
			outputFileListPaths = (
			);
			outputPaths = (
				"$(DERIVED_FILE_DIR)/Pods-Caculator-checkManifestLockResult.txt",
			);
			runOnlyForDeploymentPostprocessing = 0;
			shellPath = /bin/sh;
			shellScript = "diff \"${PODS_PODFILE_DIR_PATH}/Podfile.lock\" \"${PODS_ROOT}/Manifest.lock\" > /dev/null\nif [ $? != 0 ] ; then\n    # print error to STDERR\n    echo \"error: The sandbox is not in sync with the Podfile.lock. Run 'pod install' or update your CocoaPods installation.\" >&2\n    exit 1\nfi\n# This output is used by Xcode 'outputs' to avoid re-running this script phase.\necho \"SUCCESS\" > \"${SCRIPT_OUTPUT_FILE_0}\"\n";
			showEnvVarsInLog = 0;
		};
/* End PBXShellScriptBuildPhase section */

/* Begin PBXSourcesBuildPhase section */
		125BE938268D946F006FFC48 /* Sources */ = {
			isa = PBXSourcesBuildPhase;
			buildActionMask = 2147483647;
			files = (
				129B3D49268EA7E00030167E /* CalculatorReactor.swift in Sources */,
				125BE944268D946F006FFC48 /* CalculatorViewController.swift in Sources */,
				125BE940268D946F006FFC48 /* AppDelegate.swift in Sources */,
				125BE942268D946F006FFC48 /* SceneDelegate.swift in Sources */,
			);
			runOnlyForDeploymentPostprocessing = 0;
		};
/* End PBXSourcesBuildPhase section */

/* Begin PBXVariantGroup section */
		125BE945268D946F006FFC48 /* Main.storyboard */ = {
			isa = PBXVariantGroup;
			children = (
				125BE946268D946F006FFC48 /* Base */,
			);
			name = Main.storyboard;
			sourceTree = "<group>";
		};
		125BE94A268D9470006FFC48 /* LaunchScreen.storyboard */ = {
			isa = PBXVariantGroup;
			children = (
				125BE94B268D9470006FFC48 /* Base */,
			);
			name = LaunchScreen.storyboard;
			sourceTree = "<group>";
		};
/* End PBXVariantGroup section */

/* Begin XCBuildConfiguration section */
		125BE94E268D9470006FFC48 /* Debug */ = {
			isa = XCBuildConfiguration;
			buildSettings = {
				ALWAYS_SEARCH_USER_PATHS = NO;
				CLANG_ANALYZER_NONNULL = YES;
				CLANG_ANALYZER_NUMBER_OBJECT_CONVERSION = YES_AGGRESSIVE;
				CLANG_CXX_LANGUAGE_STANDARD = "gnu++14";
				CLANG_CXX_LIBRARY = "libc++";
				CLANG_ENABLE_MODULES = YES;
				CLANG_ENABLE_OBJC_ARC = YES;
				CLANG_ENABLE_OBJC_WEAK = YES;
				CLANG_WARN_BLOCK_CAPTURE_AUTORELEASING = YES;
				CLANG_WARN_BOOL_CONVERSION = YES;
				CLANG_WARN_COMMA = YES;
				CLANG_WARN_CONSTANT_CONVERSION = YES;
				CLANG_WARN_DEPRECATED_OBJC_IMPLEMENTATIONS = YES;
				CLANG_WARN_DIRECT_OBJC_ISA_USAGE = YES_ERROR;
				CLANG_WARN_DOCUMENTATION_COMMENTS = YES;
				CLANG_WARN_EMPTY_BODY = YES;
				CLANG_WARN_ENUM_CONVERSION = YES;
				CLANG_WARN_INFINITE_RECURSION = YES;
				CLANG_WARN_INT_CONVERSION = YES;
				CLANG_WARN_NON_LITERAL_NULL_CONVERSION = YES;
				CLANG_WARN_OBJC_IMPLICIT_RETAIN_SELF = YES;
				CLANG_WARN_OBJC_LITERAL_CONVERSION = YES;
				CLANG_WARN_OBJC_ROOT_CLASS = YES_ERROR;
				CLANG_WARN_QUOTED_INCLUDE_IN_FRAMEWORK_HEADER = YES;
				CLANG_WARN_RANGE_LOOP_ANALYSIS = YES;
				CLANG_WARN_STRICT_PROTOTYPES = YES;
				CLANG_WARN_SUSPICIOUS_MOVE = YES;
				CLANG_WARN_UNGUARDED_AVAILABILITY = YES_AGGRESSIVE;
				CLANG_WARN_UNREACHABLE_CODE = YES;
				CLANG_WARN__DUPLICATE_METHOD_MATCH = YES;
				COPY_PHASE_STRIP = NO;
				DEBUG_INFORMATION_FORMAT = dwarf;
				ENABLE_STRICT_OBJC_MSGSEND = YES;
				ENABLE_TESTABILITY = YES;
				GCC_C_LANGUAGE_STANDARD = gnu11;
				GCC_DYNAMIC_NO_PIC = NO;
				GCC_NO_COMMON_BLOCKS = YES;
				GCC_OPTIMIZATION_LEVEL = 0;
				GCC_PREPROCESSOR_DEFINITIONS = (
					"DEBUG=1",
					"$(inherited)",
				);
				GCC_WARN_64_TO_32_BIT_CONVERSION = YES;
				GCC_WARN_ABOUT_RETURN_TYPE = YES_ERROR;
				GCC_WARN_UNDECLARED_SELECTOR = YES;
				GCC_WARN_UNINITIALIZED_AUTOS = YES_AGGRESSIVE;
				GCC_WARN_UNUSED_FUNCTION = YES;
				GCC_WARN_UNUSED_VARIABLE = YES;
				IPHONEOS_DEPLOYMENT_TARGET = 14.5;
				MTL_ENABLE_DEBUG_INFO = INCLUDE_SOURCE;
				MTL_FAST_MATH = YES;
				ONLY_ACTIVE_ARCH = YES;
				SDKROOT = iphoneos;
				SWIFT_ACTIVE_COMPILATION_CONDITIONS = DEBUG;
				SWIFT_OPTIMIZATION_LEVEL = "-Onone";
			};
			name = Debug;
		};
		125BE94F268D9470006FFC48 /* Release */ = {
			isa = XCBuildConfiguration;
			buildSettings = {
				ALWAYS_SEARCH_USER_PATHS = NO;
				CLANG_ANALYZER_NONNULL = YES;
				CLANG_ANALYZER_NUMBER_OBJECT_CONVERSION = YES_AGGRESSIVE;
				CLANG_CXX_LANGUAGE_STANDARD = "gnu++14";
				CLANG_CXX_LIBRARY = "libc++";
				CLANG_ENABLE_MODULES = YES;
				CLANG_ENABLE_OBJC_ARC = YES;
				CLANG_ENABLE_OBJC_WEAK = YES;
				CLANG_WARN_BLOCK_CAPTURE_AUTORELEASING = YES;
				CLANG_WARN_BOOL_CONVERSION = YES;
				CLANG_WARN_COMMA = YES;
				CLANG_WARN_CONSTANT_CONVERSION = YES;
				CLANG_WARN_DEPRECATED_OBJC_IMPLEMENTATIONS = YES;
				CLANG_WARN_DIRECT_OBJC_ISA_USAGE = YES_ERROR;
				CLANG_WARN_DOCUMENTATION_COMMENTS = YES;
				CLANG_WARN_EMPTY_BODY = YES;
				CLANG_WARN_ENUM_CONVERSION = YES;
				CLANG_WARN_INFINITE_RECURSION = YES;
				CLANG_WARN_INT_CONVERSION = YES;
				CLANG_WARN_NON_LITERAL_NULL_CONVERSION = YES;
				CLANG_WARN_OBJC_IMPLICIT_RETAIN_SELF = YES;
				CLANG_WARN_OBJC_LITERAL_CONVERSION = YES;
				CLANG_WARN_OBJC_ROOT_CLASS = YES_ERROR;
				CLANG_WARN_QUOTED_INCLUDE_IN_FRAMEWORK_HEADER = YES;
				CLANG_WARN_RANGE_LOOP_ANALYSIS = YES;
				CLANG_WARN_STRICT_PROTOTYPES = YES;
				CLANG_WARN_SUSPICIOUS_MOVE = YES;
				CLANG_WARN_UNGUARDED_AVAILABILITY = YES_AGGRESSIVE;
				CLANG_WARN_UNREACHABLE_CODE = YES;
				CLANG_WARN__DUPLICATE_METHOD_MATCH = YES;
				COPY_PHASE_STRIP = NO;
				DEBUG_INFORMATION_FORMAT = "dwarf-with-dsym";
				ENABLE_NS_ASSERTIONS = NO;
				ENABLE_STRICT_OBJC_MSGSEND = YES;
				GCC_C_LANGUAGE_STANDARD = gnu11;
				GCC_NO_COMMON_BLOCKS = YES;
				GCC_WARN_64_TO_32_BIT_CONVERSION = YES;
				GCC_WARN_ABOUT_RETURN_TYPE = YES_ERROR;
				GCC_WARN_UNDECLARED_SELECTOR = YES;
				GCC_WARN_UNINITIALIZED_AUTOS = YES_AGGRESSIVE;
				GCC_WARN_UNUSED_FUNCTION = YES;
				GCC_WARN_UNUSED_VARIABLE = YES;
				IPHONEOS_DEPLOYMENT_TARGET = 14.5;
				MTL_ENABLE_DEBUG_INFO = NO;
				MTL_FAST_MATH = YES;
				SDKROOT = iphoneos;
				SWIFT_COMPILATION_MODE = wholemodule;
				SWIFT_OPTIMIZATION_LEVEL = "-O";
				VALIDATE_PRODUCT = YES;
			};
			name = Release;
		};
		125BE951268D9470006FFC48 /* Debug */ = {
			isa = XCBuildConfiguration;
			baseConfigurationReference = B0F4B6DAA9198D327A032378 /* Pods-Caculator.debug.xcconfig */;
			buildSettings = {
				ASSETCATALOG_COMPILER_APPICON_NAME = AppIcon;
				ASSETCATALOG_COMPILER_GLOBAL_ACCENT_COLOR_NAME = AccentColor;
				CODE_SIGN_STYLE = Automatic;
				DEVELOPMENT_TEAM = JJPXPHW2TN;
				INFOPLIST_FILE = "Calculator/Supporting Files/Info.plist";
				LD_RUNPATH_SEARCH_PATHS = (
					"$(inherited)",
					"@executable_path/Frameworks",
				);
				PRODUCT_BUNDLE_IDENTIFIER = chanwoo.Caculator;
				PRODUCT_NAME = "$(TARGET_NAME)";
				SWIFT_VERSION = 5.0;
				TARGETED_DEVICE_FAMILY = "1,2";
			};
			name = Debug;
		};
		125BE952268D9470006FFC48 /* Release */ = {
			isa = XCBuildConfiguration;
			baseConfigurationReference = 3E5BBEE8A40F9E1F9DEAE1CB /* Pods-Caculator.release.xcconfig */;
			buildSettings = {
				ASSETCATALOG_COMPILER_APPICON_NAME = AppIcon;
				ASSETCATALOG_COMPILER_GLOBAL_ACCENT_COLOR_NAME = AccentColor;
				CODE_SIGN_STYLE = Automatic;
				DEVELOPMENT_TEAM = JJPXPHW2TN;
				INFOPLIST_FILE = "Calculator/Supporting Files/Info.plist";
				LD_RUNPATH_SEARCH_PATHS = (
					"$(inherited)",
					"@executable_path/Frameworks",
				);
				PRODUCT_BUNDLE_IDENTIFIER = chanwoo.Caculator;
				PRODUCT_NAME = "$(TARGET_NAME)";
				SWIFT_VERSION = 5.0;
				TARGETED_DEVICE_FAMILY = "1,2";
			};
			name = Release;
		};
/* End XCBuildConfiguration section */

/* Begin XCConfigurationList section */
		125BE937268D946F006FFC48 /* Build configuration list for PBXProject "Caculator" */ = {
			isa = XCConfigurationList;
			buildConfigurations = (
				125BE94E268D9470006FFC48 /* Debug */,
				125BE94F268D9470006FFC48 /* Release */,
			);
			defaultConfigurationIsVisible = 0;
			defaultConfigurationName = Release;
		};
		125BE950268D9470006FFC48 /* Build configuration list for PBXNativeTarget "Caculator" */ = {
			isa = XCConfigurationList;
			buildConfigurations = (
				125BE951268D9470006FFC48 /* Debug */,
				125BE952268D9470006FFC48 /* Release */,
			);
			defaultConfigurationIsVisible = 0;
			defaultConfigurationName = Release;
		};
/* End XCConfigurationList section */
	};
	rootObject = 125BE934268D946F006FFC48 /* Project object */;
}
